// !$*UTF8*$!
{
	archiveVersion = 1;
	classes = {
	};
	objectVersion = 46;
	objects = {

/* Begin PBXBuildFile section */
		B96EE0E0195F870400BF37BF /* Foundation.framework in Frameworks */ = {isa = PBXBuildFile; fileRef = B96EE0DF195F870400BF37BF /* Foundation.framework */; };
		B96EE0E2195F870400BF37BF /* CoreGraphics.framework in Frameworks */ = {isa = PBXBuildFile; fileRef = B96EE0E1195F870400BF37BF /* CoreGraphics.framework */; };
		B96EE0E4195F870400BF37BF /* UIKit.framework in Frameworks */ = {isa = PBXBuildFile; fileRef = B96EE0E3195F870400BF37BF /* UIKit.framework */; };
		B96EE0EA195F870400BF37BF /* InfoPlist.strings in Resources */ = {isa = PBXBuildFile; fileRef = B96EE0E8195F870400BF37BF /* InfoPlist.strings */; };
		B96EE0EC195F870400BF37BF /* main.m in Sources */ = {isa = PBXBuildFile; fileRef = B96EE0EB195F870400BF37BF /* main.m */; };
		B96EE0F0195F870400BF37BF /* AppDelegate.m in Sources */ = {isa = PBXBuildFile; fileRef = B96EE0EF195F870400BF37BF /* AppDelegate.m */; };
		B96EE0F2195F870400BF37BF /* Images.xcassets in Resources */ = {isa = PBXBuildFile; fileRef = B96EE0F1195F870400BF37BF /* Images.xcassets */; };
		B96EE0F9195F870500BF37BF /* XCTest.framework in Frameworks */ = {isa = PBXBuildFile; fileRef = B96EE0F8195F870500BF37BF /* XCTest.framework */; };
		B96EE0FA195F870500BF37BF /* Foundation.framework in Frameworks */ = {isa = PBXBuildFile; fileRef = B96EE0DF195F870400BF37BF /* Foundation.framework */; };
		B96EE0FB195F870500BF37BF /* UIKit.framework in Frameworks */ = {isa = PBXBuildFile; fileRef = B96EE0E3195F870400BF37BF /* UIKit.framework */; };
		B96EE103195F870500BF37BF /* InfoPlist.strings in Resources */ = {isa = PBXBuildFile; fileRef = B96EE101195F870500BF37BF /* InfoPlist.strings */; };
		B96EE105195F870500BF37BF /* wk4_tumblr_hwTests.m in Sources */ = {isa = PBXBuildFile; fileRef = B96EE104195F870500BF37BF /* wk4_tumblr_hwTests.m */; };
		B96EE111195F882300BF37BF /* TabsViewController.m in Sources */ = {isa = PBXBuildFile; fileRef = B96EE10F195F882300BF37BF /* TabsViewController.m */; };
		B96EE112195F882300BF37BF /* TabsViewController.xib in Resources */ = {isa = PBXBuildFile; fileRef = B96EE110195F882300BF37BF /* TabsViewController.xib */; };
		B96EE116195F883600BF37BF /* HomeViewController.m in Sources */ = {isa = PBXBuildFile; fileRef = B96EE114195F883600BF37BF /* HomeViewController.m */; };
		B96EE117195F883600BF37BF /* HomeViewController.xib in Resources */ = {isa = PBXBuildFile; fileRef = B96EE115195F883600BF37BF /* HomeViewController.xib */; };
		B96EE11B195F884200BF37BF /* SearchViewController.m in Sources */ = {isa = PBXBuildFile; fileRef = B96EE119195F884200BF37BF /* SearchViewController.m */; };
		B96EE11C195F884200BF37BF /* SearchViewController.xib in Resources */ = {isa = PBXBuildFile; fileRef = B96EE11A195F884200BF37BF /* SearchViewController.xib */; };
		B96EE120195F885400BF37BF /* AccountViewController.m in Sources */ = {isa = PBXBuildFile; fileRef = B96EE11E195F885400BF37BF /* AccountViewController.m */; };
		B96EE121195F885400BF37BF /* AccountViewController.xib in Resources */ = {isa = PBXBuildFile; fileRef = B96EE11F195F885400BF37BF /* AccountViewController.xib */; };
		B96EE125195F886000BF37BF /* TrendingViewController.m in Sources */ = {isa = PBXBuildFile; fileRef = B96EE123195F886000BF37BF /* TrendingViewController.m */; };
		B96EE126195F886000BF37BF /* TrendingViewController.xib in Resources */ = {isa = PBXBuildFile; fileRef = B96EE124195F886000BF37BF /* TrendingViewController.xib */; };
		B96EE12A195F8C8E00BF37BF /* ComposeViewController.m in Sources */ = {isa = PBXBuildFile; fileRef = B96EE128195F8C8E00BF37BF /* ComposeViewController.m */; };
		B96EE12B195F8C8E00BF37BF /* ComposeViewController.xib in Resources */ = {isa = PBXBuildFile; fileRef = B96EE129195F8C8E00BF37BF /* ComposeViewController.xib */; };
		B9D29B50196000AF00CB2191 /* LoginFormViewController.m in Sources */ = {isa = PBXBuildFile; fileRef = B9D29B4E196000AF00CB2191 /* LoginFormViewController.m */; };
		B9D29B51196000AF00CB2191 /* LoginFormViewController.xib in Resources */ = {isa = PBXBuildFile; fileRef = B9D29B4F196000AF00CB2191 /* LoginFormViewController.xib */; };
/* End PBXBuildFile section */

/* Begin PBXContainerItemProxy section */
		B96EE0FC195F870500BF37BF /* PBXContainerItemProxy */ = {
			isa = PBXContainerItemProxy;
			containerPortal = B96EE0D4195F870400BF37BF /* Project object */;
			proxyType = 1;
			remoteGlobalIDString = B96EE0DB195F870400BF37BF;
			remoteInfo = "wk4-tumblr-hw";
		};
/* End PBXContainerItemProxy section */

/* Begin PBXFileReference section */
		B96EE0DC195F870400BF37BF /* wk4-tumblr-hw.app */ = {isa = PBXFileReference; explicitFileType = wrapper.application; includeInIndex = 0; path = "wk4-tumblr-hw.app"; sourceTree = BUILT_PRODUCTS_DIR; };
		B96EE0DF195F870400BF37BF /* Foundation.framework */ = {isa = PBXFileReference; lastKnownFileType = wrapper.framework; name = Foundation.framework; path = System/Library/Frameworks/Foundation.framework; sourceTree = SDKROOT; };
		B96EE0E1195F870400BF37BF /* CoreGraphics.framework */ = {isa = PBXFileReference; lastKnownFileType = wrapper.framework; name = CoreGraphics.framework; path = System/Library/Frameworks/CoreGraphics.framework; sourceTree = SDKROOT; };
		B96EE0E3195F870400BF37BF /* UIKit.framework */ = {isa = PBXFileReference; lastKnownFileType = wrapper.framework; name = UIKit.framework; path = System/Library/Frameworks/UIKit.framework; sourceTree = SDKROOT; };
		B96EE0E7195F870400BF37BF /* wk4-tumblr-hw-Info.plist */ = {isa = PBXFileReference; lastKnownFileType = text.plist.xml; path = "wk4-tumblr-hw-Info.plist"; sourceTree = "<group>"; };
		B96EE0E9195F870400BF37BF /* en */ = {isa = PBXFileReference; lastKnownFileType = text.plist.strings; name = en; path = en.lproj/InfoPlist.strings; sourceTree = "<group>"; };
		B96EE0EB195F870400BF37BF /* main.m */ = {isa = PBXFileReference; lastKnownFileType = sourcecode.c.objc; path = main.m; sourceTree = "<group>"; };
		B96EE0ED195F870400BF37BF /* wk4-tumblr-hw-Prefix.pch */ = {isa = PBXFileReference; lastKnownFileType = sourcecode.c.h; path = "wk4-tumblr-hw-Prefix.pch"; sourceTree = "<group>"; };
		B96EE0EE195F870400BF37BF /* AppDelegate.h */ = {isa = PBXFileReference; lastKnownFileType = sourcecode.c.h; path = AppDelegate.h; sourceTree = "<group>"; };
		B96EE0EF195F870400BF37BF /* AppDelegate.m */ = {isa = PBXFileReference; lastKnownFileType = sourcecode.c.objc; path = AppDelegate.m; sourceTree = "<group>"; };
		B96EE0F1195F870400BF37BF /* Images.xcassets */ = {isa = PBXFileReference; lastKnownFileType = folder.assetcatalog; path = Images.xcassets; sourceTree = "<group>"; };
		B96EE0F7195F870500BF37BF /* wk4-tumblr-hwTests.xctest */ = {isa = PBXFileReference; explicitFileType = wrapper.cfbundle; includeInIndex = 0; path = "wk4-tumblr-hwTests.xctest"; sourceTree = BUILT_PRODUCTS_DIR; };
		B96EE0F8195F870500BF37BF /* XCTest.framework */ = {isa = PBXFileReference; lastKnownFileType = wrapper.framework; name = XCTest.framework; path = Library/Frameworks/XCTest.framework; sourceTree = DEVELOPER_DIR; };
		B96EE100195F870500BF37BF /* wk4-tumblr-hwTests-Info.plist */ = {isa = PBXFileReference; lastKnownFileType = text.plist.xml; path = "wk4-tumblr-hwTests-Info.plist"; sourceTree = "<group>"; };
		B96EE102195F870500BF37BF /* en */ = {isa = PBXFileReference; lastKnownFileType = text.plist.strings; name = en; path = en.lproj/InfoPlist.strings; sourceTree = "<group>"; };
		B96EE104195F870500BF37BF /* wk4_tumblr_hwTests.m */ = {isa = PBXFileReference; lastKnownFileType = sourcecode.c.objc; path = wk4_tumblr_hwTests.m; sourceTree = "<group>"; };
		B96EE10E195F882300BF37BF /* TabsViewController.h */ = {isa = PBXFileReference; fileEncoding = 4; lastKnownFileType = sourcecode.c.h; path = TabsViewController.h; sourceTree = "<group>"; };
		B96EE10F195F882300BF37BF /* TabsViewController.m */ = {isa = PBXFileReference; fileEncoding = 4; lastKnownFileType = sourcecode.c.objc; path = TabsViewController.m; sourceTree = "<group>"; };
		B96EE110195F882300BF37BF /* TabsViewController.xib */ = {isa = PBXFileReference; fileEncoding = 4; lastKnownFileType = file.xib; path = TabsViewController.xib; sourceTree = "<group>"; };
		B96EE113195F883600BF37BF /* HomeViewController.h */ = {isa = PBXFileReference; fileEncoding = 4; lastKnownFileType = sourcecode.c.h; path = HomeViewController.h; sourceTree = "<group>"; };
		B96EE114195F883600BF37BF /* HomeViewController.m */ = {isa = PBXFileReference; fileEncoding = 4; lastKnownFileType = sourcecode.c.objc; path = HomeViewController.m; sourceTree = "<group>"; };
		B96EE115195F883600BF37BF /* HomeViewController.xib */ = {isa = PBXFileReference; fileEncoding = 4; lastKnownFileType = file.xib; path = HomeViewController.xib; sourceTree = "<group>"; };
		B96EE118195F884200BF37BF /* SearchViewController.h */ = {isa = PBXFileReference; fileEncoding = 4; lastKnownFileType = sourcecode.c.h; path = SearchViewController.h; sourceTree = "<group>"; };
		B96EE119195F884200BF37BF /* SearchViewController.m */ = {isa = PBXFileReference; fileEncoding = 4; lastKnownFileType = sourcecode.c.objc; path = SearchViewController.m; sourceTree = "<group>"; };
		B96EE11A195F884200BF37BF /* SearchViewController.xib */ = {isa = PBXFileReference; fileEncoding = 4; lastKnownFileType = file.xib; path = SearchViewController.xib; sourceTree = "<group>"; };
		B96EE11D195F885400BF37BF /* AccountViewController.h */ = {isa = PBXFileReference; fileEncoding = 4; lastKnownFileType = sourcecode.c.h; path = AccountViewController.h; sourceTree = "<group>"; };
		B96EE11E195F885400BF37BF /* AccountViewController.m */ = {isa = PBXFileReference; fileEncoding = 4; lastKnownFileType = sourcecode.c.objc; path = AccountViewController.m; sourceTree = "<group>"; };
		B96EE11F195F885400BF37BF /* AccountViewController.xib */ = {isa = PBXFileReference; fileEncoding = 4; lastKnownFileType = file.xib; path = AccountViewController.xib; sourceTree = "<group>"; };
		B96EE122195F886000BF37BF /* TrendingViewController.h */ = {isa = PBXFileReference; fileEncoding = 4; lastKnownFileType = sourcecode.c.h; path = TrendingViewController.h; sourceTree = "<group>"; };
		B96EE123195F886000BF37BF /* TrendingViewController.m */ = {isa = PBXFileReference; fileEncoding = 4; lastKnownFileType = sourcecode.c.objc; path = TrendingViewController.m; sourceTree = "<group>"; wrapsLines = 1; };
		B96EE124195F886000BF37BF /* TrendingViewController.xib */ = {isa = PBXFileReference; fileEncoding = 4; lastKnownFileType = file.xib; path = TrendingViewController.xib; sourceTree = "<group>"; };
		B96EE127195F8C8E00BF37BF /* ComposeViewController.h */ = {isa = PBXFileReference; fileEncoding = 4; lastKnownFileType = sourcecode.c.h; path = ComposeViewController.h; sourceTree = "<group>"; };
		B96EE128195F8C8E00BF37BF /* ComposeViewController.m */ = {isa = PBXFileReference; fileEncoding = 4; lastKnownFileType = sourcecode.c.objc; path = ComposeViewController.m; sourceTree = "<group>"; };
		B96EE129195F8C8E00BF37BF /* ComposeViewController.xib */ = {isa = PBXFileReference; fileEncoding = 4; lastKnownFileType = file.xib; path = ComposeViewController.xib; sourceTree = "<group>"; };
		B9D29B4D196000AF00CB2191 /* LoginFormViewController.h */ = {isa = PBXFileReference; fileEncoding = 4; lastKnownFileType = sourcecode.c.h; path = LoginFormViewController.h; sourceTree = "<group>"; };
		B9D29B4E196000AF00CB2191 /* LoginFormViewController.m */ = {isa = PBXFileReference; fileEncoding = 4; lastKnownFileType = sourcecode.c.objc; path = LoginFormViewController.m; sourceTree = "<group>"; };
		B9D29B4F196000AF00CB2191 /* LoginFormViewController.xib */ = {isa = PBXFileReference; fileEncoding = 4; lastKnownFileType = file.xib; path = LoginFormViewController.xib; sourceTree = "<group>"; };
/* End PBXFileReference section */

/* Begin PBXFrameworksBuildPhase section */
		B96EE0D9195F870400BF37BF /* Frameworks */ = {
			isa = PBXFrameworksBuildPhase;
			buildActionMask = 2147483647;
			files = (
				B96EE0E2195F870400BF37BF /* CoreGraphics.framework in Frameworks */,
				B96EE0E4195F870400BF37BF /* UIKit.framework in Frameworks */,
				B96EE0E0195F870400BF37BF /* Foundation.framework in Frameworks */,
			);
			runOnlyForDeploymentPostprocessing = 0;
		};
		B96EE0F4195F870500BF37BF /* Frameworks */ = {
			isa = PBXFrameworksBuildPhase;
			buildActionMask = 2147483647;
			files = (
				B96EE0F9195F870500BF37BF /* XCTest.framework in Frameworks */,
				B96EE0FB195F870500BF37BF /* UIKit.framework in Frameworks */,
				B96EE0FA195F870500BF37BF /* Foundation.framework in Frameworks */,
			);
			runOnlyForDeploymentPostprocessing = 0;
		};
/* End PBXFrameworksBuildPhase section */

/* Begin PBXGroup section */
		B96EE0D3195F870400BF37BF = {
			isa = PBXGroup;
			children = (
				B96EE0E5195F870400BF37BF /* wk4-tumblr-hw */,
				B96EE0FE195F870500BF37BF /* wk4-tumblr-hwTests */,
				B96EE0DE195F870400BF37BF /* Frameworks */,
				B96EE0DD195F870400BF37BF /* Products */,
			);
			sourceTree = "<group>";
		};
		B96EE0DD195F870400BF37BF /* Products */ = {
			isa = PBXGroup;
			children = (
				B96EE0DC195F870400BF37BF /* wk4-tumblr-hw.app */,
				B96EE0F7195F870500BF37BF /* wk4-tumblr-hwTests.xctest */,
			);
			name = Products;
			sourceTree = "<group>";
		};
		B96EE0DE195F870400BF37BF /* Frameworks */ = {
			isa = PBXGroup;
			children = (
				B96EE0DF195F870400BF37BF /* Foundation.framework */,
				B96EE0E1195F870400BF37BF /* CoreGraphics.framework */,
				B96EE0E3195F870400BF37BF /* UIKit.framework */,
				B96EE0F8195F870500BF37BF /* XCTest.framework */,
			);
			name = Frameworks;
			sourceTree = "<group>";
		};
		B96EE0E5195F870400BF37BF /* wk4-tumblr-hw */ = {
			isa = PBXGroup;
			children = (
				B96EE0EE195F870400BF37BF /* AppDelegate.h */,
				B96EE0EF195F870400BF37BF /* AppDelegate.m */,
				B96EE0F1195F870400BF37BF /* Images.xcassets */,
				B96EE0E6195F870400BF37BF /* Supporting Files */,
				B96EE10E195F882300BF37BF /* TabsViewController.h */,
				B96EE10F195F882300BF37BF /* TabsViewController.m */,
				B96EE110195F882300BF37BF /* TabsViewController.xib */,
				B96EE113195F883600BF37BF /* HomeViewController.h */,
				B96EE114195F883600BF37BF /* HomeViewController.m */,
				B96EE115195F883600BF37BF /* HomeViewController.xib */,
				B96EE118195F884200BF37BF /* SearchViewController.h */,
				B96EE119195F884200BF37BF /* SearchViewController.m */,
				B96EE11A195F884200BF37BF /* SearchViewController.xib */,
				B96EE11D195F885400BF37BF /* AccountViewController.h */,
				B96EE11E195F885400BF37BF /* AccountViewController.m */,
				B96EE11F195F885400BF37BF /* AccountViewController.xib */,
				B96EE122195F886000BF37BF /* TrendingViewController.h */,
				B96EE123195F886000BF37BF /* TrendingViewController.m */,
				B96EE124195F886000BF37BF /* TrendingViewController.xib */,
				B96EE127195F8C8E00BF37BF /* ComposeViewController.h */,
				B96EE128195F8C8E00BF37BF /* ComposeViewController.m */,
				B96EE129195F8C8E00BF37BF /* ComposeViewController.xib */,
				B9D29B4D196000AF00CB2191 /* LoginFormViewController.h */,
				B9D29B4E196000AF00CB2191 /* LoginFormViewController.m */,
				B9D29B4F196000AF00CB2191 /* LoginFormViewController.xib */,
			);
			path = "wk4-tumblr-hw";
			sourceTree = "<group>";
		};
		B96EE0E6195F870400BF37BF /* Supporting Files */ = {
			isa = PBXGroup;
			children = (
				B96EE0E7195F870400BF37BF /* wk4-tumblr-hw-Info.plist */,
				B96EE0E8195F870400BF37BF /* InfoPlist.strings */,
				B96EE0EB195F870400BF37BF /* main.m */,
				B96EE0ED195F870400BF37BF /* wk4-tumblr-hw-Prefix.pch */,
			);
			name = "Supporting Files";
			sourceTree = "<group>";
		};
		B96EE0FE195F870500BF37BF /* wk4-tumblr-hwTests */ = {
			isa = PBXGroup;
			children = (
				B96EE104195F870500BF37BF /* wk4_tumblr_hwTests.m */,
				B96EE0FF195F870500BF37BF /* Supporting Files */,
			);
			path = "wk4-tumblr-hwTests";
			sourceTree = "<group>";
		};
		B96EE0FF195F870500BF37BF /* Supporting Files */ = {
			isa = PBXGroup;
			children = (
				B96EE100195F870500BF37BF /* wk4-tumblr-hwTests-Info.plist */,
				B96EE101195F870500BF37BF /* InfoPlist.strings */,
			);
			name = "Supporting Files";
			sourceTree = "<group>";
		};
/* End PBXGroup section */

/* Begin PBXNativeTarget section */
		B96EE0DB195F870400BF37BF /* wk4-tumblr-hw */ = {
			isa = PBXNativeTarget;
			buildConfigurationList = B96EE108195F870500BF37BF /* Build configuration list for PBXNativeTarget "wk4-tumblr-hw" */;
			buildPhases = (
				B96EE0D8195F870400BF37BF /* Sources */,
				B96EE0D9195F870400BF37BF /* Frameworks */,
				B96EE0DA195F870400BF37BF /* Resources */,
			);
			buildRules = (
			);
			dependencies = (
			);
			name = "wk4-tumblr-hw";
			productName = "wk4-tumblr-hw";
			productReference = B96EE0DC195F870400BF37BF /* wk4-tumblr-hw.app */;
			productType = "com.apple.product-type.application";
		};
		B96EE0F6195F870500BF37BF /* wk4-tumblr-hwTests */ = {
			isa = PBXNativeTarget;
			buildConfigurationList = B96EE10B195F870500BF37BF /* Build configuration list for PBXNativeTarget "wk4-tumblr-hwTests" */;
			buildPhases = (
				B96EE0F3195F870500BF37BF /* Sources */,
				B96EE0F4195F870500BF37BF /* Frameworks */,
				B96EE0F5195F870500BF37BF /* Resources */,
			);
			buildRules = (
			);
			dependencies = (
				B96EE0FD195F870500BF37BF /* PBXTargetDependency */,
			);
			name = "wk4-tumblr-hwTests";
			productName = "wk4-tumblr-hwTests";
			productReference = B96EE0F7195F870500BF37BF /* wk4-tumblr-hwTests.xctest */;
			productType = "com.apple.product-type.bundle.unit-test";
		};
/* End PBXNativeTarget section */

/* Begin PBXProject section */
		B96EE0D4195F870400BF37BF /* Project object */ = {
			isa = PBXProject;
			attributes = {
				LastUpgradeCheck = 0510;
				ORGANIZATIONNAME = "Engly Chang";
				TargetAttributes = {
					B96EE0F6195F870500BF37BF = {
						TestTargetID = B96EE0DB195F870400BF37BF;
					};
				};
			};
			buildConfigurationList = B96EE0D7195F870400BF37BF /* Build configuration list for PBXProject "wk4-tumblr-hw" */;
			compatibilityVersion = "Xcode 3.2";
			developmentRegion = English;
			hasScannedForEncodings = 0;
			knownRegions = (
				en,
			);
			mainGroup = B96EE0D3195F870400BF37BF;
			productRefGroup = B96EE0DD195F870400BF37BF /* Products */;
			projectDirPath = "";
			projectRoot = "";
			targets = (
				B96EE0DB195F870400BF37BF /* wk4-tumblr-hw */,
				B96EE0F6195F870500BF37BF /* wk4-tumblr-hwTests */,
			);
		};
/* End PBXProject section */

/* Begin PBXResourcesBuildPhase section */
		B96EE0DA195F870400BF37BF /* Resources */ = {
			isa = PBXResourcesBuildPhase;
			buildActionMask = 2147483647;
			files = (
				B96EE0EA195F870400BF37BF /* InfoPlist.strings in Resources */,
				B96EE112195F882300BF37BF /* TabsViewController.xib in Resources */,
				B96EE0F2195F870400BF37BF /* Images.xcassets in Resources */,
				B9D29B51196000AF00CB2191 /* LoginFormViewController.xib in Resources */,
				B96EE11C195F884200BF37BF /* SearchViewController.xib in Resources */,
				B96EE126195F886000BF37BF /* TrendingViewController.xib in Resources */,
				B96EE121195F885400BF37BF /* AccountViewController.xib in Resources */,
				B96EE117195F883600BF37BF /* HomeViewController.xib in Resources */,
				B96EE12B195F8C8E00BF37BF /* ComposeViewController.xib in Resources */,
			);
			runOnlyForDeploymentPostprocessing = 0;
		};
		B96EE0F5195F870500BF37BF /* Resources */ = {
			isa = PBXResourcesBuildPhase;
			buildActionMask = 2147483647;
			files = (
				B96EE103195F870500BF37BF /* InfoPlist.strings in Resources */,
			);
			runOnlyForDeploymentPostprocessing = 0;
		};
/* End PBXResourcesBuildPhase section */

/* Begin PBXSourcesBuildPhase section */
		B96EE0D8195F870400BF37BF /* Sources */ = {
			isa = PBXSourcesBuildPhase;
			buildActionMask = 2147483647;
			files = (
				B96EE125195F886000BF37BF /* TrendingViewController.m in Sources */,
				B96EE111195F882300BF37BF /* TabsViewController.m in Sources */,
				B96EE0F0195F870400BF37BF /* AppDelegate.m in Sources */,
				B9D29B50196000AF00CB2191 /* LoginFormViewController.m in Sources */,
				B96EE11B195F884200BF37BF /* SearchViewController.m in Sources */,
				B96EE0EC195F870400BF37BF /* main.m in Sources */,
				B96EE120195F885400BF37BF /* AccountViewController.m in Sources */,
				B96EE116195F883600BF37BF /* HomeViewController.m in Sources */,
				B96EE12A195F8C8E00BF37BF /* ComposeViewController.m in Sources */,
			);
			runOnlyForDeploymentPostprocessing = 0;
		};
		B96EE0F3195F870500BF37BF /* Sources */ = {
			isa = PBXSourcesBuildPhase;
			buildActionMask = 2147483647;
			files = (
				B96EE105195F870500BF37BF /* wk4_tumblr_hwTests.m in Sources */,
			);
			runOnlyForDeploymentPostprocessing = 0;
		};
/* End PBXSourcesBuildPhase section */

/* Begin PBXTargetDependency section */
		B96EE0FD195F870500BF37BF /* PBXTargetDependency */ = {
			isa = PBXTargetDependency;
			target = B96EE0DB195F870400BF37BF /* wk4-tumblr-hw */;
			targetProxy = B96EE0FC195F870500BF37BF /* PBXContainerItemProxy */;
		};
/* End PBXTargetDependency section */

/* Begin PBXVariantGroup section */
		B96EE0E8195F870400BF37BF /* InfoPlist.strings */ = {
			isa = PBXVariantGroup;
			children = (
				B96EE0E9195F870400BF37BF /* en */,
			);
			name = InfoPlist.strings;
			sourceTree = "<group>";
		};
		B96EE101195F870500BF37BF /* InfoPlist.strings */ = {
			isa = PBXVariantGroup;
			children = (
				B96EE102195F870500BF37BF /* en */,
			);
			name = InfoPlist.strings;
			sourceTree = "<group>";
		};
/* End PBXVariantGroup section */

/* Begin XCBuildConfiguration section */
		B96EE106195F870500BF37BF /* Debug */ = {
			isa = XCBuildConfiguration;
			buildSettings = {
				ALWAYS_SEARCH_USER_PATHS = NO;
				CLANG_CXX_LANGUAGE_STANDARD = "gnu++0x";
				CLANG_CXX_LIBRARY = "libc++";
				CLANG_ENABLE_MODULES = YES;
				CLANG_ENABLE_OBJC_ARC = YES;
				CLANG_WARN_BOOL_CONVERSION = YES;
				CLANG_WARN_CONSTANT_CONVERSION = YES;
				CLANG_WARN_DIRECT_OBJC_ISA_USAGE = YES_ERROR;
				CLANG_WARN_EMPTY_BODY = YES;
				CLANG_WARN_ENUM_CONVERSION = YES;
				CLANG_WARN_INT_CONVERSION = YES;
				CLANG_WARN_OBJC_ROOT_CLASS = YES_ERROR;
				CLANG_WARN__DUPLICATE_METHOD_MATCH = YES;
				"CODE_SIGN_IDENTITY[sdk=iphoneos*]" = "iPhone Developer";
				COPY_PHASE_STRIP = NO;
				GCC_C_LANGUAGE_STANDARD = gnu99;
				GCC_DYNAMIC_NO_PIC = NO;
				GCC_OPTIMIZATION_LEVEL = 0;
				GCC_PREPROCESSOR_DEFINITIONS = (
					"DEBUG=1",
					"$(inherited)",
				);
				GCC_SYMBOLS_PRIVATE_EXTERN = NO;
				GCC_WARN_64_TO_32_BIT_CONVERSION = YES;
				GCC_WARN_ABOUT_RETURN_TYPE = YES_ERROR;
				GCC_WARN_UNDECLARED_SELECTOR = YES;
				GCC_WARN_UNINITIALIZED_AUTOS = YES_AGGRESSIVE;
				GCC_WARN_UNUSED_FUNCTION = YES;
				GCC_WARN_UNUSED_VARIABLE = YES;
				IPHONEOS_DEPLOYMENT_TARGET = 7.1;
				ONLY_ACTIVE_ARCH = YES;
				SDKROOT = iphoneos;
			};
			name = Debug;
		};
		B96EE107195F870500BF37BF /* Release */ = {
			isa = XCBuildConfiguration;
			buildSettings = {
				ALWAYS_SEARCH_USER_PATHS = NO;
				CLANG_CXX_LANGUAGE_STANDARD = "gnu++0x";
				CLANG_CXX_LIBRARY = "libc++";
				CLANG_ENABLE_MODULES = YES;
				CLANG_ENABLE_OBJC_ARC = YES;
				CLANG_WARN_BOOL_CONVERSION = YES;
				CLANG_WARN_CONSTANT_CONVERSION = YES;
				CLANG_WARN_DIRECT_OBJC_ISA_USAGE = YES_ERROR;
				CLANG_WARN_EMPTY_BODY = YES;
				CLANG_WARN_ENUM_CONVERSION = YES;
				CLANG_WARN_INT_CONVERSION = YES;
				CLANG_WARN_OBJC_ROOT_CLASS = YES_ERROR;
				CLANG_WARN__DUPLICATE_METHOD_MATCH = YES;
				"CODE_SIGN_IDENTITY[sdk=iphoneos*]" = "iPhone Developer";
				COPY_PHASE_STRIP = YES;
				ENABLE_NS_ASSERTIONS = NO;
				GCC_C_LANGUAGE_STANDARD = gnu99;
				GCC_WARN_64_TO_32_BIT_CONVERSION = YES;
				GCC_WARN_ABOUT_RETURN_TYPE = YES_ERROR;
				GCC_WARN_UNDECLARED_SELECTOR = YES;
				GCC_WARN_UNINITIALIZED_AUTOS = YES_AGGRESSIVE;
				GCC_WARN_UNUSED_FUNCTION = YES;
				GCC_WARN_UNUSED_VARIABLE = YES;
				IPHONEOS_DEPLOYMENT_TARGET = 7.1;
				SDKROOT = iphoneos;
				VALIDATE_PRODUCT = YES;
			};
			name = Release;
		};
		B96EE109195F870500BF37BF /* Debug */ = {
			isa = XCBuildConfiguration;
			buildSettings = {
				ASSETCATALOG_COMPILER_APPICON_NAME = AppIcon;
				ASSETCATALOG_COMPILER_LAUNCHIMAGE_NAME = LaunchImage;
				GCC_PRECOMPILE_PREFIX_HEADER = YES;
				GCC_PREFIX_HEADER = "wk4-tumblr-hw/wk4-tumblr-hw-Prefix.pch";
				INFOPLIST_FILE = "wk4-tumblr-hw/wk4-tumblr-hw-Info.plist";
				PRODUCT_NAME = "$(TARGET_NAME)";
				WRAPPER_EXTENSION = app;
			};
			name = Debug;
		};
		B96EE10A195F870500BF37BF /* Release */ = {
			isa = XCBuildConfiguration;
			buildSettings = {
				ASSETCATALOG_COMPILER_APPICON_NAME = AppIcon;
				ASSETCATALOG_COMPILER_LAUNCHIMAGE_NAME = LaunchImage;
				GCC_PRECOMPILE_PREFIX_HEADER = YES;
				GCC_PREFIX_HEADER = "wk4-tumblr-hw/wk4-tumblr-hw-Prefix.pch";
				INFOPLIST_FILE = "wk4-tumblr-hw/wk4-tumblr-hw-Info.plist";
				PRODUCT_NAME = "$(TARGET_NAME)";
				WRAPPER_EXTENSION = app;
			};
			name = Release;
		};
		B96EE10C195F870500BF37BF /* Debug */ = {
			isa = XCBuildConfiguration;
			buildSettings = {
				BUNDLE_LOADER = "$(BUILT_PRODUCTS_DIR)/wk4-tumblr-hw.app/wk4-tumblr-hw";
				FRAMEWORK_SEARCH_PATHS = (
					"$(SDKROOT)/Developer/Library/Frameworks",
					"$(inherited)",
					"$(DEVELOPER_FRAMEWORKS_DIR)",
				);
				GCC_PRECOMPILE_PREFIX_HEADER = YES;
				GCC_PREFIX_HEADER = "wk4-tumblr-hw/wk4-tumblr-hw-Prefix.pch";
				GCC_PREPROCESSOR_DEFINITIONS = (
					"DEBUG=1",
					"$(inherited)",
				);
				INFOPLIST_FILE = "wk4-tumblr-hwTests/wk4-tumblr-hwTests-Info.plist";
				PRODUCT_NAME = "$(TARGET_NAME)";
				TEST_HOST = "$(BUNDLE_LOADER)";
				WRAPPER_EXTENSION = xctest;
			};
			name = Debug;
		};
		B96EE10D195F870500BF37BF /* Release */ = {
			isa = XCBuildConfiguration;
			buildSettings = {
				BUNDLE_LOADER = "$(BUILT_PRODUCTS_DIR)/wk4-tumblr-hw.app/wk4-tumblr-hw";
				FRAMEWORK_SEARCH_PATHS = (
					"$(SDKROOT)/Developer/Library/Frameworks",
					"$(inherited)",
					"$(DEVELOPER_FRAMEWORKS_DIR)",
				);
				GCC_PRECOMPILE_PREFIX_HEADER = YES;
				GCC_PREFIX_HEADER = "wk4-tumblr-hw/wk4-tumblr-hw-Prefix.pch";
				INFOPLIST_FILE = "wk4-tumblr-hwTests/wk4-tumblr-hwTests-Info.plist";
				PRODUCT_NAME = "$(TARGET_NAME)";
				TEST_HOST = "$(BUNDLE_LOADER)";
				WRAPPER_EXTENSION = xctest;
			};
			name = Release;
		};
/* End XCBuildConfiguration section */

/* Begin XCConfigurationList section */
		B96EE0D7195F870400BF37BF /* Build configuration list for PBXProject "wk4-tumblr-hw" */ = {
			isa = XCConfigurationList;
			buildConfigurations = (
				B96EE106195F870500BF37BF /* Debug */,
				B96EE107195F870500BF37BF /* Release */,
			);
			defaultConfigurationIsVisible = 0;
			defaultConfigurationName = Release;
		};
		B96EE108195F870500BF37BF /* Build configuration list for PBXNativeTarget "wk4-tumblr-hw" */ = {
			isa = XCConfigurationList;
			buildConfigurations = (
				B96EE109195F870500BF37BF /* Debug */,
				B96EE10A195F870500BF37BF /* Release */,
			);
			defaultConfigurationIsVisible = 0;
			defaultConfigurationName = Release;
		};
		B96EE10B195F870500BF37BF /* Build configuration list for PBXNativeTarget "wk4-tumblr-hwTests" */ = {
			isa = XCConfigurationList;
			buildConfigurations = (
				B96EE10C195F870500BF37BF /* Debug */,
				B96EE10D195F870500BF37BF /* Release */,
			);
			defaultConfigurationIsVisible = 0;
			defaultConfigurationName = Release;
		};
/* End XCConfigurationList section */
	};
	rootObject = B96EE0D4195F870400BF37BF /* Project object */;
}
